
Microsoft Visual Studio Solution File, Format Version 12.00
# Visual Studio Version 16
VisualStudioVersion = 16.0.30907.101
MinimumVisualStudioVersion = 10.0.40219.1
Project("{2150E333-8FDC-42A3-9474-1A3956D46DE8}") = "API", "API", "{7550F356-39C0-4164-876B-C5455CC9C4B7}"
EndProject
Project("{9A19103F-16F7-4668-BE54-9A1E7A4F7556}") = "Glamz.Api", "API\Glamz.Api\Glamz.Api.csproj", "{CF587A8C-4376-4F94-8D25-74AF15B2C5F3}"
EndProject
Project("{2150E333-8FDC-42A3-9474-1A3956D46DE8}") = "Business", "Business", "{BEEC1041-5F10-459E-85D6-5DB198B970BA}"
EndProject
Project("{9A19103F-16F7-4668-BE54-9A1E7A4F7556}") = "Glamz.Business.Authentication", "Business\Glamz.Business.Authentication\Glamz.Business.Authentication.csproj", "{739EAE42-5981-4302-A133-4D93A057E5E6}"
EndProject
Project("{9A19103F-16F7-4668-BE54-9A1E7A4F7556}") = "Glamz.Business.Catalog", "Business\Glamz.Business.Catalog\Glamz.Business.Catalog.csproj", "{CA113287-8298-4F5E-B239-22C401886FBB}"
EndProject
Project("{9A19103F-16F7-4668-BE54-9A1E7A4F7556}") = "Glamz.Business.Checkout", "Business\Glamz.Business.Checkout\Glamz.Business.Checkout.csproj", "{E8CD3F5E-E695-4616-88F3-0E2130068FB2}"
EndProject
Project("{9A19103F-16F7-4668-BE54-9A1E7A4F7556}") = "Glamz.Business.Cms", "Business\Glamz.Business.Cms\Glamz.Business.Cms.csproj", "{3BADD10A-D60B-4D44-A671-2172C04C73D1}"
EndProject
Project("{9A19103F-16F7-4668-BE54-9A1E7A4F7556}") = "Glamz.Business.Common", "Business\Glamz.Business.Common\Glamz.Business.Common.csproj", "{7EA72B3E-7E5B-4C04-90FF-72C182FF0E54}"
EndProject
Project("{9A19103F-16F7-4668-BE54-9A1E7A4F7556}") = "Glamz.Business.Customers", "Business\Glamz.Business.Customers\Glamz.Business.Customers.csproj", "{BF7DBFB4-8441-4F40-B229-D6DF112736F1}"
EndProject
Project("{9A19103F-16F7-4668-BE54-9A1E7A4F7556}") = "Glamz.Business.Marketing", "Business\Glamz.Business.Marketing\Glamz.Business.Marketing.csproj", "{4D80CF0E-6055-49E1-92EE-BAD035C5C6CA}"
EndProject
Project("{9A19103F-16F7-4668-BE54-9A1E7A4F7556}") = "Glamz.Business.Messages", "Business\Glamz.Business.Messages\Glamz.Business.Messages.csproj", "{93F7F03D-61A6-4278-BA54-2A9D81D9F96D}"
EndProject
Project("{9A19103F-16F7-4668-BE54-9A1E7A4F7556}") = "Glamz.Business.Storage", "Business\Glamz.Business.Storage\Glamz.Business.Storage.csproj", "{CCC0188D-4176-4B54-B62F-1C3A2534C948}"
EndProject
Project("{9A19103F-16F7-4668-BE54-9A1E7A4F7556}") = "Glamz.Business.System", "Business\Glamz.Business.System\Glamz.Business.System.csproj", "{619AB0A4-57A3-4ABE-B1DA-D90C8A1E749B}"
EndProject
Project("{2150E333-8FDC-42A3-9474-1A3956D46DE8}") = "Core", "Core", "{56CF8C36-2B68-4943-9FAB-D00E738FD5CC}"
EndProject
Project("{9A19103F-16F7-4668-BE54-9A1E7A4F7556}") = "Glamz.Domain", "Core\Glamz.Domain\Glamz.Domain.csproj", "{3BEAB260-83E6-40A6-B15E-5E606A9DCCC3}"
EndProject
Project("{9A19103F-16F7-4668-BE54-9A1E7A4F7556}") = "Glamz.Infrastructure", "Core\Glamz.Infrastructure\Glamz.Infrastructure.csproj", "{0A7841D5-2311-4CD6-B727-ACC7000755E1}"
EndProject
Project("{9A19103F-16F7-4668-BE54-9A1E7A4F7556}") = "Glamz.SharedKernel", "Core\Glamz.SharedKernel\Glamz.SharedKernel.csproj", "{10F359D1-01E9-4097-B4FB-31A9B0621DD4}"
EndProject
Project("{FAE04EC0-301F-11D3-BF4B-00C04F79EFBC}") = "Glamz.Business.Common.External", "Business\Glamz.Business.Common.External\Glamz.Business.Common.External.csproj", "{3F5C5B1D-092F-40B8-91A9-7BB338D90EF0}"
EndProject
Global
	GlobalSection(SolutionConfigurationPlatforms) = preSolution
		Debug|Any CPU = Debug|Any CPU
		Release|Any CPU = Release|Any CPU
	EndGlobalSection
	GlobalSection(ProjectConfigurationPlatforms) = postSolution
		{CF587A8C-4376-4F94-8D25-74AF15B2C5F3}.Debug|Any CPU.ActiveCfg = Debug|Any CPU
		{CF587A8C-4376-4F94-8D25-74AF15B2C5F3}.Debug|Any CPU.Build.0 = Debug|Any CPU
		{CF587A8C-4376-4F94-8D25-74AF15B2C5F3}.Release|Any CPU.ActiveCfg = Release|Any CPU
		{CF587A8C-4376-4F94-8D25-74AF15B2C5F3}.Release|Any CPU.Build.0 = Release|Any CPU
		{739EAE42-5981-4302-A133-4D93A057E5E6}.Debug|Any CPU.ActiveCfg = Debug|Any CPU
		{739EAE42-5981-4302-A133-4D93A057E5E6}.Debug|Any CPU.Build.0 = Debug|Any CPU
		{739EAE42-5981-4302-A133-4D93A057E5E6}.Release|Any CPU.ActiveCfg = Release|Any CPU
		{739EAE42-5981-4302-A133-4D93A057E5E6}.Release|Any CPU.Build.0 = Release|Any CPU
		{CA113287-8298-4F5E-B239-22C401886FBB}.Debug|Any CPU.ActiveCfg = Debug|Any CPU
		{CA113287-8298-4F5E-B239-22C401886FBB}.Debug|Any CPU.Build.0 = Debug|Any CPU
		{CA113287-8298-4F5E-B239-22C401886FBB}.Release|Any CPU.ActiveCfg = Release|Any CPU
		{CA113287-8298-4F5E-B239-22C401886FBB}.Release|Any CPU.Build.0 = Release|Any CPU
		{E8CD3F5E-E695-4616-88F3-0E2130068FB2}.Debug|Any CPU.ActiveCfg = Debug|Any CPU
		{E8CD3F5E-E695-4616-88F3-0E2130068FB2}.Debug|Any CPU.Build.0 = Debug|Any CPU
		{E8CD3F5E-E695-4616-88F3-0E2130068FB2}.Release|Any CPU.ActiveCfg = Release|Any CPU
		{E8CD3F5E-E695-4616-88F3-0E2130068FB2}.Release|Any CPU.Build.0 = Release|Any CPU
		{3BADD10A-D60B-4D44-A671-2172C04C73D1}.Debug|Any CPU.ActiveCfg = Debug|Any CPU
		{3BADD10A-D60B-4D44-A671-2172C04C73D1}.Debug|Any CPU.Build.0 = Debug|Any CPU
		{3BADD10A-D60B-4D44-A671-2172C04C73D1}.Release|Any CPU.ActiveCfg = Release|Any CPU
		{3BADD10A-D60B-4D44-A671-2172C04C73D1}.Release|Any CPU.Build.0 = Release|Any CPU
		{7EA72B3E-7E5B-4C04-90FF-72C182FF0E54}.Debug|Any CPU.ActiveCfg = Debug|Any CPU
		{7EA72B3E-7E5B-4C04-90FF-72C182FF0E54}.Debug|Any CPU.Build.0 = Debug|Any CPU
		{7EA72B3E-7E5B-4C04-90FF-72C182FF0E54}.Release|Any CPU.ActiveCfg = Release|Any CPU
		{7EA72B3E-7E5B-4C04-90FF-72C182FF0E54}.Release|Any CPU.Build.0 = Release|Any CPU
		{BF7DBFB4-8441-4F40-B229-D6DF112736F1}.Debug|Any CPU.ActiveCfg = Debug|Any CPU
		{BF7DBFB4-8441-4F40-B229-D6DF112736F1}.Debug|Any CPU.Build.0 = Debug|Any CPU
		{BF7DBFB4-8441-4F40-B229-D6DF112736F1}.Release|Any CPU.ActiveCfg = Release|Any CPU
		{BF7DBFB4-8441-4F40-B229-D6DF112736F1}.Release|Any CPU.Build.0 = Release|Any CPU
		{4D80CF0E-6055-49E1-92EE-BAD035C5C6CA}.Debug|Any CPU.ActiveCfg = Debug|Any CPU
		{4D80CF0E-6055-49E1-92EE-BAD035C5C6CA}.Debug|Any CPU.Build.0 = Debug|Any CPU
		{4D80CF0E-6055-49E1-92EE-BAD035C5C6CA}.Release|Any CPU.ActiveCfg = Release|Any CPU
		{4D80CF0E-6055-49E1-92EE-BAD035C5C6CA}.Release|Any CPU.Build.0 = Release|Any CPU
		{93F7F03D-61A6-4278-BA54-2A9D81D9F96D}.Debug|Any CPU.ActiveCfg = Debug|Any CPU
		{93F7F03D-61A6-4278-BA54-2A9D81D9F96D}.Debug|Any CPU.Build.0 = Debug|Any CPU
		{93F7F03D-61A6-4278-BA54-2A9D81D9F96D}.Release|Any CPU.ActiveCfg = Release|Any CPU
		{93F7F03D-61A6-4278-BA54-2A9D81D9F96D}.Release|Any CPU.Build.0 = Release|Any CPU
		{CCC0188D-4176-4B54-B62F-1C3A2534C948}.Debug|Any CPU.ActiveCfg = Debug|Any CPU
		{CCC0188D-4176-4B54-B62F-1C3A2534C948}.Debug|Any CPU.Build.0 = Debug|Any CPU
		{CCC0188D-4176-4B54-B62F-1C3A2534C948}.Release|Any CPU.ActiveCfg = Release|Any CPU
		{CCC0188D-4176-4B54-B62F-1C3A2534C948}.Release|Any CPU.Build.0 = Release|Any CPU
		{619AB0A4-57A3-4ABE-B1DA-D90C8A1E749B}.Debug|Any CPU.ActiveCfg = Debug|Any CPU
		{619AB0A4-57A3-4ABE-B1DA-D90C8A1E749B}.Debug|Any CPU.Build.0 = Debug|Any CPU
		{619AB0A4-57A3-4ABE-B1DA-D90C8A1E749B}.Release|Any CPU.ActiveCfg = Release|Any CPU
		{619AB0A4-57A3-4ABE-B1DA-D90C8A1E749B}.Release|Any CPU.Build.0 = Release|Any CPU
		{3BEAB260-83E6-40A6-B15E-5E606A9DCCC3}.Debug|Any CPU.ActiveCfg = Debug|Any CPU
		{3BEAB260-83E6-40A6-B15E-5E606A9DCCC3}.Debug|Any CPU.Build.0 = Debug|Any CPU
		{3BEAB260-83E6-40A6-B15E-5E606A9DCCC3}.Release|Any CPU.ActiveCfg = Release|Any CPU
		{3BEAB260-83E6-40A6-B15E-5E606A9DCCC3}.Release|Any CPU.Build.0 = Release|Any CPU
		{0A7841D5-2311-4CD6-B727-ACC7000755E1}.Debug|Any CPU.ActiveCfg = Debug|Any CPU
		{0A7841D5-2311-4CD6-B727-ACC7000755E1}.Debug|Any CPU.Build.0 = Debug|Any CPU
		{0A7841D5-2311-4CD6-B727-ACC7000755E1}.Release|Any CPU.ActiveCfg = Release|Any CPU
		{0A7841D5-2311-4CD6-B727-ACC7000755E1}.Release|Any CPU.Build.0 = Release|Any CPU
		{10F359D1-01E9-4097-B4FB-31A9B0621DD4}.Debug|Any CPU.ActiveCfg = Debug|Any CPU
		{10F359D1-01E9-4097-B4FB-31A9B0621DD4}.Debug|Any CPU.Build.0 = Debug|Any CPU
		{10F359D1-01E9-4097-B4FB-31A9B0621DD4}.Release|Any CPU.ActiveCfg = Release|Any CPU
		{10F359D1-01E9-4097-B4FB-31A9B0621DD4}.Release|Any CPU.Build.0 = Release|Any CPU
		{3F5C5B1D-092F-40B8-91A9-7BB338D90EF0}.Debug|Any CPU.ActiveCfg = Debug|Any CPU
		{3F5C5B1D-092F-40B8-91A9-7BB338D90EF0}.Debug|Any CPU.Build.0 = Debug|Any CPU
		{3F5C5B1D-092F-40B8-91A9-7BB338D90EF0}.Release|Any CPU.ActiveCfg = Release|Any CPU
		{3F5C5B1D-092F-40B8-91A9-7BB338D90EF0}.Release|Any CPU.Build.0 = Release|Any CPU
	EndGlobalSection
	GlobalSection(SolutionProperties) = preSolution
		HideSolutionNode = FALSE
	EndGlobalSection
	GlobalSection(NestedProjects) = preSolution
		{CF587A8C-4376-4F94-8D25-74AF15B2C5F3} = {7550F356-39C0-4164-876B-C5455CC9C4B7}
		{739EAE42-5981-4302-A133-4D93A057E5E6} = {BEEC1041-5F10-459E-85D6-5DB198B970BA}
		{CA113287-8298-4F5E-B239-22C401886FBB} = {BEEC1041-5F10-459E-85D6-5DB198B970BA}
		{E8CD3F5E-E695-4616-88F3-0E2130068FB2} = {BEEC1041-5F10-459E-85D6-5DB198B970BA}
		{3BADD10A-D60B-4D44-A671-2172C04C73D1} = {BEEC1041-5F10-459E-85D6-5DB198B970BA}
		{7EA72B3E-7E5B-4C04-90FF-72C182FF0E54} = {BEEC1041-5F10-459E-85D6-5DB198B970BA}
		{BF7DBFB4-8441-4F40-B229-D6DF112736F1} = {BEEC1041-5F10-459E-85D6-5DB198B970BA}
		{4D80CF0E-6055-49E1-92EE-BAD035C5C6CA} = {BEEC1041-5F10-459E-85D6-5DB198B970BA}
		{93F7F03D-61A6-4278-BA54-2A9D81D9F96D} = {BEEC1041-5F10-459E-85D6-5DB198B970BA}
		{CCC0188D-4176-4B54-B62F-1C3A2534C948} = {BEEC1041-5F10-459E-85D6-5DB198B970BA}
		{619AB0A4-57A3-4ABE-B1DA-D90C8A1E749B} = {BEEC1041-5F10-459E-85D6-5DB198B970BA}
		{3BEAB260-83E6-40A6-B15E-5E606A9DCCC3} = {56CF8C36-2B68-4943-9FAB-D00E738FD5CC}
		{0A7841D5-2311-4CD6-B727-ACC7000755E1} = {56CF8C36-2B68-4943-9FAB-D00E738FD5CC}
		{10F359D1-01E9-4097-B4FB-31A9B0621DD4} = {56CF8C36-2B68-4943-9FAB-D00E738FD5CC}
		{3F5C5B1D-092F-40B8-91A9-7BB338D90EF0} = {BEEC1041-5F10-459E-85D6-5DB198B970BA}
	EndGlobalSection
	GlobalSection(ExtensibilityGlobals) = postSolution
		SolutionGuid = {5B050E2F-0A8D-4A99-8ACB-A7802D411954}
	EndGlobalSection
EndGlobal
